hash: be51661e5598c95b662ccd9c0fb2ceecfacff217fe53b3eb4fbc72f2ae79d7b3
updated: 2018-01-13T19:29:00.101271657+01:00
imports:
- name: github.com/alexflint/go-arg
  version: 59fccacb2679dde66e0b20ed65bd26178fcbf54e
- name: github.com/alexflint/go-scalar
  version: 45e5d6cd8605faef82fda2bacc59e734a0b6f1f0
- name: github.com/boltdb/bolt
  version: 2f1ce7a837dcb8da3ec595b1dac9d0632f0f99e8
- name: github.com/gorilla/websocket
  version: 292fd08b2560ad524ee37396253d71570339a821
- name: github.com/kballard/go-shellquote
  version: cd60e84ee657ff3dc51de0b4f55dd299a3e136f2
- name: github.com/sirupsen/logrus
  version: ba1b36c82c5e05c4f912a88eab0dcd91a171688f
- name: golang.org/x/crypto
  version: 13931e22f9e72ea58bb73048bc752b48c6d4d4ac
  subpackages:
  - nacl/secretbox
  - poly1305
  - salsa20/salsa
- name: golang.org/x/sys
  version: 810d7000345868fc619eb81f46307107118f4ae1
  subpackages:
  - unix
- name: gopkg.in/bwmarrin/Discordgo.v0
  version: 4a33b9bc7c56cfdb9bb244e33e83cb3941fe2bdc
testImports: []
